// !$*UTF8*$!
{
	archiveVersion = 1;
	classes = {
	};
	objectVersion = 56;
	objects = {

/* Begin PBXBuildFile section */
		2C2A58C72AB06A34002521AC /* Date+Time.swift in Sources */ = {isa = PBXBuildFile; fileRef = 2C2A58C62AB06A34002521AC /* Date+Time.swift */; };
		2C2A58CD2AB06C3F002521AC /* ReminderListViewController+DataSource.swift in Sources */ = {isa = PBXBuildFile; fileRef = 2C2A58CC2AB06C3F002521AC /* ReminderListViewController+DataSource.swift */; };
		2C2A58CF2AB08DDE002521AC /* UIColor+Today.swift in Sources */ = {isa = PBXBuildFile; fileRef = 2C2A58CE2AB08DDE002521AC /* UIColor+Today.swift */; };
		2C2A58D12AB093DD002521AC /* ReminderDoneButton.swift in Sources */ = {isa = PBXBuildFile; fileRef = 2C2A58D02AB093DD002521AC /* ReminderDoneButton.swift */; };
		2C2A58D32AB0948E002521AC /* ReminderListViewController+Actions.swift in Sources */ = {isa = PBXBuildFile; fileRef = 2C2A58D22AB0948E002521AC /* ReminderListViewController+Actions.swift */; };
		2C2A58D52AB09F99002521AC /* ReminderViewController.swift in Sources */ = {isa = PBXBuildFile; fileRef = 2C2A58D42AB09F99002521AC /* ReminderViewController.swift */; };
		2C2A58D82AB0A099002521AC /* ReminderViewController+Row.swift in Sources */ = {isa = PBXBuildFile; fileRef = 2C2A58D72AB0A099002521AC /* ReminderViewController+Row.swift */; };
		2C2A58DA2AB0C8F9002521AC /* ReminderViewController+Section.swift in Sources */ = {isa = PBXBuildFile; fileRef = 2C2A58D92AB0C8F9002521AC /* ReminderViewController+Section.swift */; };
		2C2A58DC2AB1A3F8002521AC /* ReminderViewController+CellConfiguration.swift in Sources */ = {isa = PBXBuildFile; fileRef = 2C2A58DB2AB1A3F8002521AC /* ReminderViewController+CellConfiguration.swift */; };
		2C2A58DF2AB1A4DE002521AC /* UIView+PinnedSubview.swift in Sources */ = {isa = PBXBuildFile; fileRef = 2C2A58DE2AB1A4DE002521AC /* UIView+PinnedSubview.swift */; };
		2C412D7E2AB21C2A00F5C318 /* TextFieldContentView.swift in Sources */ = {isa = PBXBuildFile; fileRef = 2C412D7D2AB21C2A00F5C318 /* TextFieldContentView.swift */; };
		2C412D802AB21CD200F5C318 /* UIContentConfiguration+Stateless.swift in Sources */ = {isa = PBXBuildFile; fileRef = 2C412D7F2AB21CD200F5C318 /* UIContentConfiguration+Stateless.swift */; };
		2C412D822AB21FB000F5C318 /* TextViewContentView.swift in Sources */ = {isa = PBXBuildFile; fileRef = 2C412D812AB21FB000F5C318 /* TextViewContentView.swift */; };
		2C412D842AB220DD00F5C318 /* DatePickerContentView.swift in Sources */ = {isa = PBXBuildFile; fileRef = 2C412D832AB220DD00F5C318 /* DatePickerContentView.swift */; };
		2C412D862AB23A0B00F5C318 /* ReminderListStyle.swift in Sources */ = {isa = PBXBuildFile; fileRef = 2C412D852AB23A0B00F5C318 /* ReminderListStyle.swift */; };
		2C412D882AB2413000F5C318 /* ProgressHeaderView.swift in Sources */ = {isa = PBXBuildFile; fileRef = 2C412D872AB2413000F5C318 /* ProgressHeaderView.swift */; };
		2C412D8A2AB2EF9900F5C318 /* CAGradientLayer+ListStyle.swift in Sources */ = {isa = PBXBuildFile; fileRef = 2C412D892AB2EF9900F5C318 /* CAGradientLayer+ListStyle.swift */; };
		2C412D8C2AB3061300F5C318 /* TodayError.swift in Sources */ = {isa = PBXBuildFile; fileRef = 2C412D8B2AB3061300F5C318 /* TodayError.swift */; };
		2C412D8E2AB3065C00F5C318 /* EKEventStore+AsyncFetch.swift in Sources */ = {isa = PBXBuildFile; fileRef = 2C412D8D2AB3065C00F5C318 /* EKEventStore+AsyncFetch.swift */; };
		2C412D902AB3071800F5C318 /* Reminder+EkReminder.swift in Sources */ = {isa = PBXBuildFile; fileRef = 2C412D8F2AB3071800F5C318 /* Reminder+EkReminder.swift */; };
		2C412D922AB3077B00F5C318 /* ReminderStore.swift in Sources */ = {isa = PBXBuildFile; fileRef = 2C412D912AB3077B00F5C318 /* ReminderStore.swift */; };
		2C412D942AB3224400F5C318 /* EKReminder+Reminder.swift in Sources */ = {isa = PBXBuildFile; fileRef = 2C412D932AB3224300F5C318 /* EKReminder+Reminder.swift */; };
		2C44C3182AADD92A00B3BBD2 /* AppDelegate.swift in Sources */ = {isa = PBXBuildFile; fileRef = 2C44C3172AADD92A00B3BBD2 /* AppDelegate.swift */; };
		2C44C31A2AADD92A00B3BBD2 /* SceneDelegate.swift in Sources */ = {isa = PBXBuildFile; fileRef = 2C44C3192AADD92A00B3BBD2 /* SceneDelegate.swift */; };
		2C44C31C2AADD92A00B3BBD2 /* ReminderListViewController.swift in Sources */ = {isa = PBXBuildFile; fileRef = 2C44C31B2AADD92A00B3BBD2 /* ReminderListViewController.swift */; };
		2C44C31F2AADD92A00B3BBD2 /* Main.storyboard in Resources */ = {isa = PBXBuildFile; fileRef = 2C44C31D2AADD92A00B3BBD2 /* Main.storyboard */; };
		2C44C3212AADD92C00B3BBD2 /* Assets.xcassets in Resources */ = {isa = PBXBuildFile; fileRef = 2C44C3202AADD92C00B3BBD2 /* Assets.xcassets */; };
		2C44C3242AADD92C00B3BBD2 /* LaunchScreen.storyboard in Resources */ = {isa = PBXBuildFile; fileRef = 2C44C3222AADD92C00B3BBD2 /* LaunchScreen.storyboard */; };
		2C44C32E2AADDAD200B3BBD2 /* README.md in Resources */ = {isa = PBXBuildFile; fileRef = 2C44C32B2AADDAD000B3BBD2 /* README.md */; };
		2C44C32F2AADDAD200B3BBD2 /* .gitignore in Resources */ = {isa = PBXBuildFile; fileRef = 2C44C32C2AADDAD100B3BBD2 /* .gitignore */; };
		2C44C3302AADDAD200B3BBD2 /* LICENSE in Resources */ = {isa = PBXBuildFile; fileRef = 2C44C32D2AADDAD100B3BBD2 /* LICENSE */; };
		2C44C3322AADDBDD00B3BBD2 /* 3RD-PARTY-LICENSES in Resources */ = {isa = PBXBuildFile; fileRef = 2C44C3312AADDBDD00B3BBD2 /* 3RD-PARTY-LICENSES */; };
		2C44C3352AADDD3800B3BBD2 /* Reminder.swift in Sources */ = {isa = PBXBuildFile; fileRef = 2C44C3342AADDD3800B3BBD2 /* Reminder.swift */; };
/* End PBXBuildFile section */

/* Begin PBXFileReference section */
		2C2A58C62AB06A34002521AC /* Date+Time.swift */ = {isa = PBXFileReference; lastKnownFileType = sourcecode.swift; path = "Date+Time.swift"; sourceTree = "<group>"; };
		2C2A58CC2AB06C3F002521AC /* ReminderListViewController+DataSource.swift */ = {isa = PBXFileReference; lastKnownFileType = sourcecode.swift; path = "ReminderListViewController+DataSource.swift"; sourceTree = "<group>"; };
		2C2A58CE2AB08DDE002521AC /* UIColor+Today.swift */ = {isa = PBXFileReference; fileEncoding = 4; lastKnownFileType = sourcecode.swift; path = "UIColor+Today.swift"; sourceTree = "<group>"; };
		2C2A58D02AB093DD002521AC /* ReminderDoneButton.swift */ = {isa = PBXFileReference; lastKnownFileType = sourcecode.swift; path = ReminderDoneButton.swift; sourceTree = "<group>"; };
		2C2A58D22AB0948E002521AC /* ReminderListViewController+Actions.swift */ = {isa = PBXFileReference; lastKnownFileType = sourcecode.swift; path = "ReminderListViewController+Actions.swift"; sourceTree = "<group>"; };
		2C2A58D42AB09F99002521AC /* ReminderViewController.swift */ = {isa = PBXFileReference; lastKnownFileType = sourcecode.swift; path = ReminderViewController.swift; sourceTree = "<group>"; };
		2C2A58D72AB0A099002521AC /* ReminderViewController+Row.swift */ = {isa = PBXFileReference; lastKnownFileType = sourcecode.swift; path = "ReminderViewController+Row.swift"; sourceTree = "<group>"; };
		2C2A58D92AB0C8F9002521AC /* ReminderViewController+Section.swift */ = {isa = PBXFileReference; lastKnownFileType = sourcecode.swift; path = "ReminderViewController+Section.swift"; sourceTree = "<group>"; };
		2C2A58DB2AB1A3F8002521AC /* ReminderViewController+CellConfiguration.swift */ = {isa = PBXFileReference; lastKnownFileType = sourcecode.swift; path = "ReminderViewController+CellConfiguration.swift"; sourceTree = "<group>"; };
		2C2A58DE2AB1A4DE002521AC /* UIView+PinnedSubview.swift */ = {isa = PBXFileReference; lastKnownFileType = sourcecode.swift; path = "UIView+PinnedSubview.swift"; sourceTree = "<group>"; };
		2C412D7D2AB21C2A00F5C318 /* TextFieldContentView.swift */ = {isa = PBXFileReference; lastKnownFileType = sourcecode.swift; path = TextFieldContentView.swift; sourceTree = "<group>"; };
		2C412D7F2AB21CD200F5C318 /* UIContentConfiguration+Stateless.swift */ = {isa = PBXFileReference; lastKnownFileType = sourcecode.swift; path = "UIContentConfiguration+Stateless.swift"; sourceTree = "<group>"; };
		2C412D812AB21FB000F5C318 /* TextViewContentView.swift */ = {isa = PBXFileReference; lastKnownFileType = sourcecode.swift; path = TextViewContentView.swift; sourceTree = "<group>"; };
		2C412D832AB220DD00F5C318 /* DatePickerContentView.swift */ = {isa = PBXFileReference; lastKnownFileType = sourcecode.swift; path = DatePickerContentView.swift; sourceTree = "<group>"; };
		2C412D852AB23A0B00F5C318 /* ReminderListStyle.swift */ = {isa = PBXFileReference; lastKnownFileType = sourcecode.swift; path = ReminderListStyle.swift; sourceTree = "<group>"; };
		2C412D872AB2413000F5C318 /* ProgressHeaderView.swift */ = {isa = PBXFileReference; lastKnownFileType = sourcecode.swift; path = ProgressHeaderView.swift; sourceTree = "<group>"; };
		2C412D892AB2EF9900F5C318 /* CAGradientLayer+ListStyle.swift */ = {isa = PBXFileReference; lastKnownFileType = sourcecode.swift; path = "CAGradientLayer+ListStyle.swift"; sourceTree = "<group>"; };
		2C412D8B2AB3061300F5C318 /* TodayError.swift */ = {isa = PBXFileReference; lastKnownFileType = sourcecode.swift; path = TodayError.swift; sourceTree = "<group>"; };
		2C412D8D2AB3065C00F5C318 /* EKEventStore+AsyncFetch.swift */ = {isa = PBXFileReference; lastKnownFileType = sourcecode.swift; path = "EKEventStore+AsyncFetch.swift"; sourceTree = "<group>"; };
		2C412D8F2AB3071800F5C318 /* Reminder+EkReminder.swift */ = {isa = PBXFileReference; lastKnownFileType = sourcecode.swift; path = "Reminder+EkReminder.swift"; sourceTree = "<group>"; };
		2C412D912AB3077B00F5C318 /* ReminderStore.swift */ = {isa = PBXFileReference; lastKnownFileType = sourcecode.swift; path = ReminderStore.swift; sourceTree = "<group>"; };
		2C412D932AB3224300F5C318 /* EKReminder+Reminder.swift */ = {isa = PBXFileReference; lastKnownFileType = sourcecode.swift; path = "EKReminder+Reminder.swift"; sourceTree = "<group>"; };
		2C44C3142AADD92A00B3BBD2 /* Today.app */ = {isa = PBXFileReference; explicitFileType = wrapper.application; includeInIndex = 0; path = Today.app; sourceTree = BUILT_PRODUCTS_DIR; };
		2C44C3172AADD92A00B3BBD2 /* AppDelegate.swift */ = {isa = PBXFileReference; lastKnownFileType = sourcecode.swift; path = AppDelegate.swift; sourceTree = "<group>"; };
		2C44C3192AADD92A00B3BBD2 /* SceneDelegate.swift */ = {isa = PBXFileReference; lastKnownFileType = sourcecode.swift; path = SceneDelegate.swift; sourceTree = "<group>"; };
		2C44C31B2AADD92A00B3BBD2 /* ReminderListViewController.swift */ = {isa = PBXFileReference; lastKnownFileType = sourcecode.swift; path = ReminderListViewController.swift; sourceTree = "<group>"; };
		2C44C31E2AADD92A00B3BBD2 /* Base */ = {isa = PBXFileReference; lastKnownFileType = file.storyboard; name = Base; path = Base.lproj/Main.storyboard; sourceTree = "<group>"; };
		2C44C3202AADD92C00B3BBD2 /* Assets.xcassets */ = {isa = PBXFileReference; lastKnownFileType = folder.assetcatalog; path = Assets.xcassets; sourceTree = "<group>"; };
		2C44C3232AADD92C00B3BBD2 /* Base */ = {isa = PBXFileReference; lastKnownFileType = file.storyboard; name = Base; path = Base.lproj/LaunchScreen.storyboard; sourceTree = "<group>"; };
		2C44C3252AADD92C00B3BBD2 /* Info.plist */ = {isa = PBXFileReference; lastKnownFileType = text.plist.xml; path = Info.plist; sourceTree = "<group>"; };
		2C44C32B2AADDAD000B3BBD2 /* README.md */ = {isa = PBXFileReference; fileEncoding = 4; lastKnownFileType = net.daringfireball.markdown; path = README.md; sourceTree = "<group>"; };
		2C44C32C2AADDAD100B3BBD2 /* .gitignore */ = {isa = PBXFileReference; fileEncoding = 4; lastKnownFileType = text; path = .gitignore; sourceTree = "<group>"; };
		2C44C32D2AADDAD100B3BBD2 /* LICENSE */ = {isa = PBXFileReference; fileEncoding = 4; lastKnownFileType = text; path = LICENSE; sourceTree = "<group>"; };
		2C44C3312AADDBDD00B3BBD2 /* 3RD-PARTY-LICENSES */ = {isa = PBXFileReference; fileEncoding = 4; lastKnownFileType = text; path = "3RD-PARTY-LICENSES"; sourceTree = "<group>"; };
		2C44C3342AADDD3800B3BBD2 /* Reminder.swift */ = {isa = PBXFileReference; lastKnownFileType = sourcecode.swift; path = Reminder.swift; sourceTree = "<group>"; };
/* End PBXFileReference section */

/* Begin PBXFrameworksBuildPhase section */
		2C44C3112AADD92900B3BBD2 /* Frameworks */ = {
			isa = PBXFrameworksBuildPhase;
			buildActionMask = 2147483647;
			files = (
			);
			runOnlyForDeploymentPostprocessing = 0;
		};
/* End PBXFrameworksBuildPhase section */

/* Begin PBXGroup section */
		2C2A58CB2AB06C2A002521AC /* ListViewController */ = {
			isa = PBXGroup;
			children = (
				2C44C31B2AADD92A00B3BBD2 /* ReminderListViewController.swift */,
				2C2A58CC2AB06C3F002521AC /* ReminderListViewController+DataSource.swift */,
				2C2A58D02AB093DD002521AC /* ReminderDoneButton.swift */,
				2C2A58D22AB0948E002521AC /* ReminderListViewController+Actions.swift */,
				2C412D872AB2413000F5C318 /* ProgressHeaderView.swift */,
			);
			path = ListViewController;
			sourceTree = "<group>";
		};
		2C2A58D62AB0A082002521AC /* DetailViewController */ = {
			isa = PBXGroup;
			children = (
				2C2A58D42AB09F99002521AC /* ReminderViewController.swift */,
				2C2A58D72AB0A099002521AC /* ReminderViewController+Row.swift */,
				2C2A58D92AB0C8F9002521AC /* ReminderViewController+Section.swift */,
				2C2A58DB2AB1A3F8002521AC /* ReminderViewController+CellConfiguration.swift */,
			);
			path = DetailViewController;
			sourceTree = "<group>";
		};
		2C2A58DD2AB1A4CF002521AC /* ContentViews */ = {
			isa = PBXGroup;
			children = (
				2C2A58DE2AB1A4DE002521AC /* UIView+PinnedSubview.swift */,
				2C412D7D2AB21C2A00F5C318 /* TextFieldContentView.swift */,
				2C412D7F2AB21CD200F5C318 /* UIContentConfiguration+Stateless.swift */,
				2C412D812AB21FB000F5C318 /* TextViewContentView.swift */,
				2C412D832AB220DD00F5C318 /* DatePickerContentView.swift */,
			);
			path = ContentViews;
			sourceTree = "<group>";
		};
		2C44C30B2AADD92900B3BBD2 = {
			isa = PBXGroup;
			children = (
				2C44C3312AADDBDD00B3BBD2 /* 3RD-PARTY-LICENSES */,
				2C44C32C2AADDAD100B3BBD2 /* .gitignore */,
				2C44C32D2AADDAD100B3BBD2 /* LICENSE */,
				2C44C32B2AADDAD000B3BBD2 /* README.md */,
				2C44C3162AADD92A00B3BBD2 /* Today */,
				2C44C3152AADD92A00B3BBD2 /* Products */,
			);
			sourceTree = "<group>";
		};
		2C44C3152AADD92A00B3BBD2 /* Products */ = {
			isa = PBXGroup;
			children = (
				2C44C3142AADD92A00B3BBD2 /* Today.app */,
			);
			name = Products;
			sourceTree = "<group>";
		};
		2C44C3162AADD92A00B3BBD2 /* Today */ = {
			isa = PBXGroup;
			children = (
				2C2A58DD2AB1A4CF002521AC /* ContentViews */,
				2C44C3332AADDD1800B3BBD2 /* Models */,
				2C44C3172AADD92A00B3BBD2 /* AppDelegate.swift */,
				2C44C3192AADD92A00B3BBD2 /* SceneDelegate.swift */,
				2C2A58CB2AB06C2A002521AC /* ListViewController */,
				2C44C31D2AADD92A00B3BBD2 /* Main.storyboard */,
				2C44C3202AADD92C00B3BBD2 /* Assets.xcassets */,
				2C44C3222AADD92C00B3BBD2 /* LaunchScreen.storyboard */,
				2C44C3252AADD92C00B3BBD2 /* Info.plist */,
				2C2A58D62AB0A082002521AC /* DetailViewController */,
			);
			path = Today;
			sourceTree = "<group>";
		};
		2C44C3332AADDD1800B3BBD2 /* Models */ = {
			isa = PBXGroup;
			children = (
				2C2A58CE2AB08DDE002521AC /* UIColor+Today.swift */,
				2C44C3342AADDD3800B3BBD2 /* Reminder.swift */,
				2C2A58C62AB06A34002521AC /* Date+Time.swift */,
				2C412D852AB23A0B00F5C318 /* ReminderListStyle.swift */,
				2C412D892AB2EF9900F5C318 /* CAGradientLayer+ListStyle.swift */,
				2C412D8B2AB3061300F5C318 /* TodayError.swift */,
				2C412D8D2AB3065C00F5C318 /* EKEventStore+AsyncFetch.swift */,
				2C412D8F2AB3071800F5C318 /* Reminder+EkReminder.swift */,
				2C412D912AB3077B00F5C318 /* ReminderStore.swift */,
				2C412D932AB3224300F5C318 /* EKReminder+Reminder.swift */,
			);
			path = Models;
			sourceTree = "<group>";
		};
/* End PBXGroup section */

/* Begin PBXNativeTarget section */
		2C44C3132AADD92900B3BBD2 /* Today */ = {
			isa = PBXNativeTarget;
			buildConfigurationList = 2C44C3282AADD92C00B3BBD2 /* Build configuration list for PBXNativeTarget "Today" */;
			buildPhases = (
				2C44C3102AADD92900B3BBD2 /* Sources */,
				2C44C3112AADD92900B3BBD2 /* Frameworks */,
				2C44C3122AADD92900B3BBD2 /* Resources */,
			);
			buildRules = (
			);
			dependencies = (
			);
			name = Today;
			productName = Today;
			productReference = 2C44C3142AADD92A00B3BBD2 /* Today.app */;
			productType = "com.apple.product-type.application";
		};
/* End PBXNativeTarget section */

/* Begin PBXProject section */
		2C44C30C2AADD92900B3BBD2 /* Project object */ = {
			isa = PBXProject;
			attributes = {
				BuildIndependentTargetsInParallel = 1;
				LastSwiftUpdateCheck = 1430;
				LastUpgradeCheck = 1430;
				TargetAttributes = {
					2C44C3132AADD92900B3BBD2 = {
						CreatedOnToolsVersion = 14.3.1;
					};
				};
			};
			buildConfigurationList = 2C44C30F2AADD92900B3BBD2 /* Build configuration list for PBXProject "Today" */;
			compatibilityVersion = "Xcode 14.0";
			developmentRegion = en;
			hasScannedForEncodings = 0;
			knownRegions = (
				en,
				Base,
			);
			mainGroup = 2C44C30B2AADD92900B3BBD2;
			productRefGroup = 2C44C3152AADD92A00B3BBD2 /* Products */;
			projectDirPath = "";
			projectRoot = "";
			targets = (
				2C44C3132AADD92900B3BBD2 /* Today */,
			);
		};
/* End PBXProject section */

/* Begin PBXResourcesBuildPhase section */
		2C44C3122AADD92900B3BBD2 /* Resources */ = {
			isa = PBXResourcesBuildPhase;
			buildActionMask = 2147483647;
			files = (
				2C44C3302AADDAD200B3BBD2 /* LICENSE in Resources */,
				2C44C3322AADDBDD00B3BBD2 /* 3RD-PARTY-LICENSES in Resources */,
				2C44C32F2AADDAD200B3BBD2 /* .gitignore in Resources */,
				2C44C3242AADD92C00B3BBD2 /* LaunchScreen.storyboard in Resources */,
				2C44C3212AADD92C00B3BBD2 /* Assets.xcassets in Resources */,
				2C44C32E2AADDAD200B3BBD2 /* README.md in Resources */,
				2C44C31F2AADD92A00B3BBD2 /* Main.storyboard in Resources */,
			);
			runOnlyForDeploymentPostprocessing = 0;
		};
/* End PBXResourcesBuildPhase section */

/* Begin PBXSourcesBuildPhase section */
		2C44C3102AADD92900B3BBD2 /* Sources */ = {
			isa = PBXSourcesBuildPhase;
			buildActionMask = 2147483647;
			files = (
				2C412D882AB2413000F5C318 /* ProgressHeaderView.swift in Sources */,
				2C2A58DF2AB1A4DE002521AC /* UIView+PinnedSubview.swift in Sources */,
				2C2A58DA2AB0C8F9002521AC /* ReminderViewController+Section.swift in Sources */,
				2C412D842AB220DD00F5C318 /* DatePickerContentView.swift in Sources */,
				2C2A58CF2AB08DDE002521AC /* UIColor+Today.swift in Sources */,
				2C2A58D32AB0948E002521AC /* ReminderListViewController+Actions.swift in Sources */,
				2C412D8C2AB3061300F5C318 /* TodayError.swift in Sources */,
				2C2A58D52AB09F99002521AC /* ReminderViewController.swift in Sources */,
				2C412D862AB23A0B00F5C318 /* ReminderListStyle.swift in Sources */,
				2C412D802AB21CD200F5C318 /* UIContentConfiguration+Stateless.swift in Sources */,
				2C2A58C72AB06A34002521AC /* Date+Time.swift in Sources */,
				2C44C31C2AADD92A00B3BBD2 /* ReminderListViewController.swift in Sources */,
				2C412D7E2AB21C2A00F5C318 /* TextFieldContentView.swift in Sources */,
				2C412D822AB21FB000F5C318 /* TextViewContentView.swift in Sources */,
				2C2A58D82AB0A099002521AC /* ReminderViewController+Row.swift in Sources */,
				2C2A58D12AB093DD002521AC /* ReminderDoneButton.swift in Sources */,
				2C44C3182AADD92A00B3BBD2 /* AppDelegate.swift in Sources */,
				2C2A58DC2AB1A3F8002521AC /* ReminderViewController+CellConfiguration.swift in Sources */,
				2C44C31A2AADD92A00B3BBD2 /* SceneDelegate.swift in Sources */,
				2C412D902AB3071800F5C318 /* Reminder+EkReminder.swift in Sources */,
				2C412D8E2AB3065C00F5C318 /* EKEventStore+AsyncFetch.swift in Sources */,
				2C44C3352AADDD3800B3BBD2 /* Reminder.swift in Sources */,
				2C412D8A2AB2EF9900F5C318 /* CAGradientLayer+ListStyle.swift in Sources */,
				2C2A58CD2AB06C3F002521AC /* ReminderListViewController+DataSource.swift in Sources */,
				2C412D922AB3077B00F5C318 /* ReminderStore.swift in Sources */,
				2C412D942AB3224400F5C318 /* EKReminder+Reminder.swift in Sources */,
			);
			runOnlyForDeploymentPostprocessing = 0;
		};
/* End PBXSourcesBuildPhase section */

/* Begin PBXVariantGroup section */
		2C44C31D2AADD92A00B3BBD2 /* Main.storyboard */ = {
			isa = PBXVariantGroup;
			children = (
				2C44C31E2AADD92A00B3BBD2 /* Base */,
			);
			name = Main.storyboard;
			sourceTree = "<group>";
		};
		2C44C3222AADD92C00B3BBD2 /* LaunchScreen.storyboard */ = {
			isa = PBXVariantGroup;
			children = (
				2C44C3232AADD92C00B3BBD2 /* Base */,
			);
			name = LaunchScreen.storyboard;
			sourceTree = "<group>";
		};
/* End PBXVariantGroup section */

/* Begin XCBuildConfiguration section */
		2C44C3262AADD92C00B3BBD2 /* Debug */ = {
			isa = XCBuildConfiguration;
			buildSettings = {
				ALWAYS_SEARCH_USER_PATHS = NO;
				CLANG_ANALYZER_NONNULL = YES;
				CLANG_ANALYZER_NUMBER_OBJECT_CONVERSION = YES_AGGRESSIVE;
				CLANG_CXX_LANGUAGE_STANDARD = "gnu++20";
				CLANG_ENABLE_MODULES = YES;
				CLANG_ENABLE_OBJC_ARC = YES;
				CLANG_ENABLE_OBJC_WEAK = YES;
				CLANG_WARN_BLOCK_CAPTURE_AUTORELEASING = YES;
				CLANG_WARN_BOOL_CONVERSION = YES;
				CLANG_WARN_COMMA = YES;
				CLANG_WARN_CONSTANT_CONVERSION = YES;
				CLANG_WARN_DEPRECATED_OBJC_IMPLEMENTATIONS = YES;
				CLANG_WARN_DIRECT_OBJC_ISA_USAGE = YES_ERROR;
				CLANG_WARN_DOCUMENTATION_COMMENTS = YES;
				CLANG_WARN_EMPTY_BODY = YES;
				CLANG_WARN_ENUM_CONVERSION = YES;
				CLANG_WARN_INFINITE_RECURSION = YES;
				CLANG_WARN_INT_CONVERSION = YES;
				CLANG_WARN_NON_LITERAL_NULL_CONVERSION = YES;
				CLANG_WARN_OBJC_IMPLICIT_RETAIN_SELF = YES;
				CLANG_WARN_OBJC_LITERAL_CONVERSION = YES;
				CLANG_WARN_OBJC_ROOT_CLASS = YES_ERROR;
				CLANG_WARN_QUOTED_INCLUDE_IN_FRAMEWORK_HEADER = YES;
				CLANG_WARN_RANGE_LOOP_ANALYSIS = YES;
				CLANG_WARN_STRICT_PROTOTYPES = YES;
				CLANG_WARN_SUSPICIOUS_MOVE = YES;
				CLANG_WARN_UNGUARDED_AVAILABILITY = YES_AGGRESSIVE;
				CLANG_WARN_UNREACHABLE_CODE = YES;
				CLANG_WARN__DUPLICATE_METHOD_MATCH = YES;
				COPY_PHASE_STRIP = NO;
				DEBUG_INFORMATION_FORMAT = dwarf;
				ENABLE_STRICT_OBJC_MSGSEND = YES;
				ENABLE_TESTABILITY = YES;
				GCC_C_LANGUAGE_STANDARD = gnu11;
				GCC_DYNAMIC_NO_PIC = NO;
				GCC_NO_COMMON_BLOCKS = YES;
				GCC_OPTIMIZATION_LEVEL = 0;
				GCC_PREPROCESSOR_DEFINITIONS = (
					"DEBUG=1",
					"$(inherited)",
				);
				GCC_WARN_64_TO_32_BIT_CONVERSION = YES;
				GCC_WARN_ABOUT_RETURN_TYPE = YES_ERROR;
				GCC_WARN_UNDECLARED_SELECTOR = YES;
				GCC_WARN_UNINITIALIZED_AUTOS = YES_AGGRESSIVE;
				GCC_WARN_UNUSED_FUNCTION = YES;
				GCC_WARN_UNUSED_VARIABLE = YES;
				IPHONEOS_DEPLOYMENT_TARGET = 16.4;
				MTL_ENABLE_DEBUG_INFO = INCLUDE_SOURCE;
				MTL_FAST_MATH = YES;
				ONLY_ACTIVE_ARCH = YES;
				SDKROOT = iphoneos;
				SWIFT_ACTIVE_COMPILATION_CONDITIONS = DEBUG;
				SWIFT_OPTIMIZATION_LEVEL = "-Onone";
			};
			name = Debug;
		};
		2C44C3272AADD92C00B3BBD2 /* Release */ = {
			isa = XCBuildConfiguration;
			buildSettings = {
				ALWAYS_SEARCH_USER_PATHS = NO;
				CLANG_ANALYZER_NONNULL = YES;
				CLANG_ANALYZER_NUMBER_OBJECT_CONVERSION = YES_AGGRESSIVE;
				CLANG_CXX_LANGUAGE_STANDARD = "gnu++20";
				CLANG_ENABLE_MODULES = YES;
				CLANG_ENABLE_OBJC_ARC = YES;
				CLANG_ENABLE_OBJC_WEAK = YES;
				CLANG_WARN_BLOCK_CAPTURE_AUTORELEASING = YES;
				CLANG_WARN_BOOL_CONVERSION = YES;
				CLANG_WARN_COMMA = YES;
				CLANG_WARN_CONSTANT_CONVERSION = YES;
				CLANG_WARN_DEPRECATED_OBJC_IMPLEMENTATIONS = YES;
				CLANG_WARN_DIRECT_OBJC_ISA_USAGE = YES_ERROR;
				CLANG_WARN_DOCUMENTATION_COMMENTS = YES;
				CLANG_WARN_EMPTY_BODY = YES;
				CLANG_WARN_ENUM_CONVERSION = YES;
				CLANG_WARN_INFINITE_RECURSION = YES;
				CLANG_WARN_INT_CONVERSION = YES;
				CLANG_WARN_NON_LITERAL_NULL_CONVERSION = YES;
				CLANG_WARN_OBJC_IMPLICIT_RETAIN_SELF = YES;
				CLANG_WARN_OBJC_LITERAL_CONVERSION = YES;
				CLANG_WARN_OBJC_ROOT_CLASS = YES_ERROR;
				CLANG_WARN_QUOTED_INCLUDE_IN_FRAMEWORK_HEADER = YES;
				CLANG_WARN_RANGE_LOOP_ANALYSIS = YES;
				CLANG_WARN_STRICT_PROTOTYPES = YES;
				CLANG_WARN_SUSPICIOUS_MOVE = YES;
				CLANG_WARN_UNGUARDED_AVAILABILITY = YES_AGGRESSIVE;
				CLANG_WARN_UNREACHABLE_CODE = YES;
				CLANG_WARN__DUPLICATE_METHOD_MATCH = YES;
				COPY_PHASE_STRIP = NO;
				DEBUG_INFORMATION_FORMAT = "dwarf-with-dsym";
				ENABLE_NS_ASSERTIONS = NO;
				ENABLE_STRICT_OBJC_MSGSEND = YES;
				GCC_C_LANGUAGE_STANDARD = gnu11;
				GCC_NO_COMMON_BLOCKS = YES;
				GCC_WARN_64_TO_32_BIT_CONVERSION = YES;
				GCC_WARN_ABOUT_RETURN_TYPE = YES_ERROR;
				GCC_WARN_UNDECLARED_SELECTOR = YES;
				GCC_WARN_UNINITIALIZED_AUTOS = YES_AGGRESSIVE;
				GCC_WARN_UNUSED_FUNCTION = YES;
				GCC_WARN_UNUSED_VARIABLE = YES;
				IPHONEOS_DEPLOYMENT_TARGET = 16.4;
				MTL_ENABLE_DEBUG_INFO = NO;
				MTL_FAST_MATH = YES;
				SDKROOT = iphoneos;
				SWIFT_COMPILATION_MODE = wholemodule;
				SWIFT_OPTIMIZATION_LEVEL = "-O";
				VALIDATE_PRODUCT = YES;
			};
			name = Release;
		};
		2C44C3292AADD92C00B3BBD2 /* Debug */ = {
			isa = XCBuildConfiguration;
			buildSettings = {
				ASSETCATALOG_COMPILER_APPICON_NAME = AppIcon;
				ASSETCATALOG_COMPILER_GLOBAL_ACCENT_COLOR_NAME = AccentColor;
				CODE_SIGN_STYLE = Automatic;
				CURRENT_PROJECT_VERSION = 1;
				GENERATE_INFOPLIST_FILE = YES;
				INFOPLIST_FILE = Today/Info.plist;
				INFOPLIST_KEY_NSRemindersUsageDescription = "Your reminders can help you stay on track.";
				INFOPLIST_KEY_UIApplicationSupportsIndirectInputEvents = YES;
				INFOPLIST_KEY_UILaunchStoryboardName = LaunchScreen;
				INFOPLIST_KEY_UIMainStoryboardFile = Main;
				INFOPLIST_KEY_UISupportedInterfaceOrientations_iPad = "UIInterfaceOrientationPortrait UIInterfaceOrientationPortraitUpsideDown UIInterfaceOrientationLandscapeLeft UIInterfaceOrientationLandscapeRight";
				INFOPLIST_KEY_UISupportedInterfaceOrientations_iPhone = "UIInterfaceOrientationPortrait UIInterfaceOrientationLandscapeLeft UIInterfaceOrientationLandscapeRight";
				LD_RUNPATH_SEARCH_PATHS = (
					"$(inherited)",
					"@executable_path/Frameworks",
				);
				MARKETING_VERSION = 1.0;
				PRODUCT_BUNDLE_IDENTIFIER = me.gugacs.Today;
				PRODUCT_NAME = "$(TARGET_NAME)";
				SWIFT_EMIT_LOC_STRINGS = YES;
				SWIFT_VERSION = 5.0;
				TARGETED_DEVICE_FAMILY = "1,2";
			};
			name = Debug;
		};
		2C44C32A2AADD92C00B3BBD2 /* Release */ = {
			isa = XCBuildConfiguration;
			buildSettings = {
				ASSETCATALOG_COMPILER_APPICON_NAME = AppIcon;
				ASSETCATALOG_COMPILER_GLOBAL_ACCENT_COLOR_NAME = AccentColor;
				CODE_SIGN_STYLE = Automatic;
				CURRENT_PROJECT_VERSION = 1;
				GENERATE_INFOPLIST_FILE = YES;
				INFOPLIST_FILE = Today/Info.plist;
				INFOPLIST_KEY_NSRemindersUsageDescription = "Your reminders can help you stay on track.";
				INFOPLIST_KEY_UIApplicationSupportsIndirectInputEvents = YES;
				INFOPLIST_KEY_UILaunchStoryboardName = LaunchScreen;
				INFOPLIST_KEY_UIMainStoryboardFile = Main;
				INFOPLIST_KEY_UISupportedInterfaceOrientations_iPad = "UIInterfaceOrientationPortrait UIInterfaceOrientationPortraitUpsideDown UIInterfaceOrientationLandscapeLeft UIInterfaceOrientationLandscapeRight";
				INFOPLIST_KEY_UISupportedInterfaceOrientations_iPhone = "UIInterfaceOrientationPortrait UIInterfaceOrientationLandscapeLeft UIInterfaceOrientationLandscapeRight";
				LD_RUNPATH_SEARCH_PATHS = (
					"$(inherited)",
					"@executable_path/Frameworks",
				);
				MARKETING_VERSION = 1.0;
				PRODUCT_BUNDLE_IDENTIFIER = me.gugacs.Today;
				PRODUCT_NAME = "$(TARGET_NAME)";
				SWIFT_EMIT_LOC_STRINGS = YES;
				SWIFT_VERSION = 5.0;
				TARGETED_DEVICE_FAMILY = "1,2";
			};
			name = Release;
		};
/* End XCBuildConfiguration section */

/* Begin XCConfigurationList section */
		2C44C30F2AADD92900B3BBD2 /* Build configuration list for PBXProject "Today" */ = {
			isa = XCConfigurationList;
			buildConfigurations = (
				2C44C3262AADD92C00B3BBD2 /* Debug */,
				2C44C3272AADD92C00B3BBD2 /* Release */,
			);
			defaultConfigurationIsVisible = 0;
			defaultConfigurationName = Release;
		};
		2C44C3282AADD92C00B3BBD2 /* Build configuration list for PBXNativeTarget "Today" */ = {
			isa = XCConfigurationList;
			buildConfigurations = (
				2C44C3292AADD92C00B3BBD2 /* Debug */,
				2C44C32A2AADD92C00B3BBD2 /* Release */,
			);
			defaultConfigurationIsVisible = 0;
			defaultConfigurationName = Release;
		};
/* End XCConfigurationList section */
	};
	rootObject = 2C44C30C2AADD92900B3BBD2 /* Project object */;
}
